
Microsoft Visual Studio Solution File, Format Version 12.00
# Visual Studio Version 17
VisualStudioVersion = 17.7.34202.233
MinimumVisualStudioVersion = 10.0.40219.1
Project("{FAE04EC0-301F-11D3-BF4B-00C04F79EFBC}") = "MutualFundNSDL01", "MutualFundNSDL01.csproj", "{64731F6C-4CF8-4473-ADEC-CBAA816C3F1E}"
EndProject
Global
	GlobalSection(SolutionConfigurationPlatforms) = preSolution
		Debug|Any CPU = Debug|Any CPU
		Release|Any CPU = Release|Any CPU
	EndGlobalSection
	GlobalSection(ProjectConfigurationPlatforms) = postSolution
		{64731F6C-4CF8-4473-ADEC-CBAA816C3F1E}.Debug|Any CPU.ActiveCfg = Debug|Any CPU
		{64731F6C-4CF8-4473-ADEC-CBAA816C3F1E}.Debug|Any CPU.Build.0 = Debug|Any CPU
		{64731F6C-4CF8-4473-ADEC-CBAA816C3F1E}.Release|Any CPU.ActiveCfg = Release|Any CPU
		{64731F6C-4CF8-4473-ADEC-CBAA816C3F1E}.Release|Any CPU.Build.0 = Release|Any CPU
	EndGlobalSection
	GlobalSection(SolutionProperties) = preSolution
		HideSolutionNode = FALSE
	EndGlobalSection
	GlobalSection(ExtensibilityGlobals) = postSolution
		SolutionGuid = {E856B6C2-A61D-4733-9BC9-C3857E1AD3FF}
	EndGlobalSection
EndGlobal
